
Microsoft Visual Studio Solution File, Format Version 12.00
# Visual Studio 14
VisualStudioVersion = 14.0.25420.1
MinimumVisualStudioVersion = 10.0.40219.1
Project("{FAE04EC0-301F-11D3-BF4B-00C04F79EFBC}") = "ConsLambda", "ConsLambda\ConsLambda.csproj", "{C494A0A0-85CC-4193-A9E9-B7D1285AA987}"
EndProject
Project("{FAE04EC0-301F-11D3-BF4B-00C04F79EFBC}") = "LibStudent", "LibStudent\LibStudent.csproj", "{C88BCFAA-74DE-462B-B62E-9CC7B6F8C57F}"
EndProject
Global
	GlobalSection(SolutionConfigurationPlatforms) = preSolution
		Debug|Any CPU = Debug|Any CPU
		Release|Any CPU = Release|Any CPU
	EndGlobalSection
	GlobalSection(ProjectConfigurationPlatforms) = postSolution
		{C494A0A0-85CC-4193-A9E9-B7D1285AA987}.Debug|Any CPU.ActiveCfg = Debug|Any CPU
		{C494A0A0-85CC-4193-A9E9-B7D1285AA987}.Debug|Any CPU.Build.0 = Debug|Any CPU
		{C494A0A0-85CC-4193-A9E9-B7D1285AA987}.Release|Any CPU.ActiveCfg = Release|Any CPU
		{C494A0A0-85CC-4193-A9E9-B7D1285AA987}.Release|Any CPU.Build.0 = Release|Any CPU
		{C88BCFAA-74DE-462B-B62E-9CC7B6F8C57F}.Debug|Any CPU.ActiveCfg = Debug|Any CPU
		{C88BCFAA-74DE-462B-B62E-9CC7B6F8C57F}.Debug|Any CPU.Build.0 = Debug|Any CPU
		{C88BCFAA-74DE-462B-B62E-9CC7B6F8C57F}.Release|Any CPU.ActiveCfg = Release|Any CPU
		{C88BCFAA-74DE-462B-B62E-9CC7B6F8C57F}.Release|Any CPU.Build.0 = Release|Any CPU
	EndGlobalSection
	GlobalSection(SolutionProperties) = preSolution
		HideSolutionNode = FALSE
	EndGlobalSection
EndGlobal
